
Microsoft Visual Studio Solution File, Format Version 12.00
# Visual Studio Version 16
VisualStudioVersion = 16.0.30804.86
MinimumVisualStudioVersion = 10.0.40219.1
Project("{9A19103F-16F7-4668-BE54-9A1E7A4F7556}") = "Assignment5", "Assignment5\Assignment5.csproj", "{346BC947-E208-49E1-BCFC-982F7D2515F3}"
EndProject
Global
	GlobalSection(SolutionConfigurationPlatforms) = preSolution
		Debug|Any CPU = Debug|Any CPU
		Release|Any CPU = Release|Any CPU
	EndGlobalSection
	GlobalSection(ProjectConfigurationPlatforms) = postSolution
		{346BC947-E208-49E1-BCFC-982F7D2515F3}.Debug|Any CPU.ActiveCfg = Debug|Any CPU
		{346BC947-E208-49E1-BCFC-982F7D2515F3}.Debug|Any CPU.Build.0 = Debug|Any CPU
		{346BC947-E208-49E1-BCFC-982F7D2515F3}.Release|Any CPU.ActiveCfg = Release|Any CPU
		{346BC947-E208-49E1-BCFC-982F7D2515F3}.Release|Any CPU.Build.0 = Release|Any CPU
	EndGlobalSection
	GlobalSection(SolutionProperties) = preSolution
		HideSolutionNode = FALSE
	EndGlobalSection
	GlobalSection(ExtensibilityGlobals) = postSolution
		SolutionGuid = {A013B11B-041A-409C-A729-08BB2C4B7A25}
	EndGlobalSection
EndGlobal
